
Microsoft Visual Studio Solution File, Format Version 12.00
# Visual Studio 15
VisualStudioVersion = 15.0.27130.2036
MinimumVisualStudioVersion = 10.0.40219.1
Project("{FAE04EC0-301F-11D3-BF4B-00C04F79EFBC}") = "GUI", "GUI\GUI.csproj", "{597A1C60-26AF-4426-B9AC-82EF993BB077}"
EndProject
Project("{FAE04EC0-301F-11D3-BF4B-00C04F79EFBC}") = "DTO", "DTO\DTO.csproj", "{1CAA139C-466E-47C2-8C94-1E5DF8B7F495}"
EndProject
Project("{FAE04EC0-301F-11D3-BF4B-00C04F79EFBC}") = "DAO", "DAO\DAO.csproj", "{D3D75C63-5F05-4992-A52C-EF20F47321D4}"
EndProject
Project("{FAE04EC0-301F-11D3-BF4B-00C04F79EFBC}") = "BUS", "BUS\BUS.csproj", "{3DA76C6E-329B-46A1-B18C-0D34C1ADF43B}"
EndProject
Global
	GlobalSection(SolutionConfigurationPlatforms) = preSolution
		Debug|Any CPU = Debug|Any CPU
		Release|Any CPU = Release|Any CPU
	EndGlobalSection
	GlobalSection(ProjectConfigurationPlatforms) = postSolution
		{597A1C60-26AF-4426-B9AC-82EF993BB077}.Debug|Any CPU.ActiveCfg = Debug|Any CPU
		{597A1C60-26AF-4426-B9AC-82EF993BB077}.Debug|Any CPU.Build.0 = Debug|Any CPU
		{597A1C60-26AF-4426-B9AC-82EF993BB077}.Release|Any CPU.ActiveCfg = Release|Any CPU
		{597A1C60-26AF-4426-B9AC-82EF993BB077}.Release|Any CPU.Build.0 = Release|Any CPU
		{1CAA139C-466E-47C2-8C94-1E5DF8B7F495}.Debug|Any CPU.ActiveCfg = Debug|Any CPU
		{1CAA139C-466E-47C2-8C94-1E5DF8B7F495}.Debug|Any CPU.Build.0 = Debug|Any CPU
		{1CAA139C-466E-47C2-8C94-1E5DF8B7F495}.Release|Any CPU.ActiveCfg = Release|Any CPU
		{1CAA139C-466E-47C2-8C94-1E5DF8B7F495}.Release|Any CPU.Build.0 = Release|Any CPU
		{D3D75C63-5F05-4992-A52C-EF20F47321D4}.Debug|Any CPU.ActiveCfg = Debug|Any CPU
		{D3D75C63-5F05-4992-A52C-EF20F47321D4}.Debug|Any CPU.Build.0 = Debug|Any CPU
		{D3D75C63-5F05-4992-A52C-EF20F47321D4}.Release|Any CPU.ActiveCfg = Release|Any CPU
		{D3D75C63-5F05-4992-A52C-EF20F47321D4}.Release|Any CPU.Build.0 = Release|Any CPU
		{3DA76C6E-329B-46A1-B18C-0D34C1ADF43B}.Debug|Any CPU.ActiveCfg = Debug|Any CPU
		{3DA76C6E-329B-46A1-B18C-0D34C1ADF43B}.Debug|Any CPU.Build.0 = Debug|Any CPU
		{3DA76C6E-329B-46A1-B18C-0D34C1ADF43B}.Release|Any CPU.ActiveCfg = Release|Any CPU
		{3DA76C6E-329B-46A1-B18C-0D34C1ADF43B}.Release|Any CPU.Build.0 = Release|Any CPU
	EndGlobalSection
	GlobalSection(SolutionProperties) = preSolution
		HideSolutionNode = FALSE
	EndGlobalSection
	GlobalSection(ExtensibilityGlobals) = postSolution
		SolutionGuid = {271F209E-366C-4102-849E-D1CF85CD794F}
	EndGlobalSection
EndGlobal
